
Microsoft Visual Studio Solution File, Format Version 12.00
# Visual Studio Version 16
VisualStudioVersion = 16.0.31025.194
MinimumVisualStudioVersion = 10.0.40219.1
Project("{9A19103F-16F7-4668-BE54-9A1E7A4F7556}") = "ProductManagementDA", "ProductManagementDA\ProductManagementDA.csproj", "{968BC815-4C24-4EB3-AEA8-D1BE24B1CAA7}"
EndProject
Project("{9A19103F-16F7-4668-BE54-9A1E7A4F7556}") = "ProductsManagementBL", "ProductsManagementBL\ProductsManagementBL.csproj", "{72C05068-113B-4F30-BC9F-80BF26D25878}"
EndProject
Project("{FAE04EC0-301F-11D3-BF4B-00C04F79EFBC}") = "ProductManagementUI", "ProductManagementUI\ProductManagementUI.csproj", "{D30946AC-9808-4436-B890-4E7A64400AA5}"
EndProject
Global
	GlobalSection(SolutionConfigurationPlatforms) = preSolution
		Debug|Any CPU = Debug|Any CPU
		Release|Any CPU = Release|Any CPU
	EndGlobalSection
	GlobalSection(ProjectConfigurationPlatforms) = postSolution
		{968BC815-4C24-4EB3-AEA8-D1BE24B1CAA7}.Debug|Any CPU.ActiveCfg = Debug|Any CPU
		{968BC815-4C24-4EB3-AEA8-D1BE24B1CAA7}.Debug|Any CPU.Build.0 = Debug|Any CPU
		{968BC815-4C24-4EB3-AEA8-D1BE24B1CAA7}.Release|Any CPU.ActiveCfg = Release|Any CPU
		{968BC815-4C24-4EB3-AEA8-D1BE24B1CAA7}.Release|Any CPU.Build.0 = Release|Any CPU
		{72C05068-113B-4F30-BC9F-80BF26D25878}.Debug|Any CPU.ActiveCfg = Debug|Any CPU
		{72C05068-113B-4F30-BC9F-80BF26D25878}.Debug|Any CPU.Build.0 = Debug|Any CPU
		{72C05068-113B-4F30-BC9F-80BF26D25878}.Release|Any CPU.ActiveCfg = Release|Any CPU
		{72C05068-113B-4F30-BC9F-80BF26D25878}.Release|Any CPU.Build.0 = Release|Any CPU
		{D30946AC-9808-4436-B890-4E7A64400AA5}.Debug|Any CPU.ActiveCfg = Debug|Any CPU
		{D30946AC-9808-4436-B890-4E7A64400AA5}.Debug|Any CPU.Build.0 = Debug|Any CPU
		{D30946AC-9808-4436-B890-4E7A64400AA5}.Release|Any CPU.ActiveCfg = Release|Any CPU
		{D30946AC-9808-4436-B890-4E7A64400AA5}.Release|Any CPU.Build.0 = Release|Any CPU
	EndGlobalSection
	GlobalSection(SolutionProperties) = preSolution
		HideSolutionNode = FALSE
	EndGlobalSection
	GlobalSection(ExtensibilityGlobals) = postSolution
		SolutionGuid = {E9DD794E-00CD-463F-B2DD-0663496B968C}
	EndGlobalSection
EndGlobal
